
Microsoft Visual Studio Solution File, Format Version 12.00
# Visual Studio Version 17
VisualStudioVersion = 17.12.35707.178
MinimumVisualStudioVersion = 10.0.40219.1
Project("{FAE04EC0-301F-11D3-BF4B-00C04F79EFBC}") = "EasySave", "EasySave\EasySave.csproj", "{AE2B5108-723B-4738-807D-6E518141C7AA}"
	ProjectSection(ProjectDependencies) = postProject
		{C1C0E15D-843A-4443-9F07-AB36F6991544} = {C1C0E15D-843A-4443-9F07-AB36F6991544}
	EndProjectSection
EndProject
Project("{FAE04EC0-301F-11D3-BF4B-00C04F79EFBC}") = "EasySave.Test", "Unit test EasySave\EasySave.Test.csproj", "{57593A1E-120B-4F15-89C1-3C8867D8188F}"
	ProjectSection(ProjectDependencies) = postProject
		{AE2B5108-723B-4738-807D-6E518141C7AA} = {AE2B5108-723B-4738-807D-6E518141C7AA}
	EndProjectSection
EndProject
Project("{FAE04EC0-301F-11D3-BF4B-00C04F79EFBC}") = "Logger", "Logger\Logger.csproj", "{C1C0E15D-843A-4443-9F07-AB36F6991544}"
EndProject
Global
	GlobalSection(SolutionConfigurationPlatforms) = preSolution
		Debug|Any CPU = Debug|Any CPU
		Release|Any CPU = Release|Any CPU
	EndGlobalSection
	GlobalSection(ProjectConfigurationPlatforms) = postSolution
		{AE2B5108-723B-4738-807D-6E518141C7AA}.Debug|Any CPU.ActiveCfg = Debug|Any CPU
		{AE2B5108-723B-4738-807D-6E518141C7AA}.Debug|Any CPU.Build.0 = Debug|Any CPU
		{AE2B5108-723B-4738-807D-6E518141C7AA}.Release|Any CPU.ActiveCfg = Release|Any CPU
		{AE2B5108-723B-4738-807D-6E518141C7AA}.Release|Any CPU.Build.0 = Release|Any CPU
		{57593A1E-120B-4F15-89C1-3C8867D8188F}.Debug|Any CPU.ActiveCfg = Debug|Any CPU
		{57593A1E-120B-4F15-89C1-3C8867D8188F}.Debug|Any CPU.Build.0 = Debug|Any CPU
		{57593A1E-120B-4F15-89C1-3C8867D8188F}.Release|Any CPU.ActiveCfg = Release|Any CPU
		{57593A1E-120B-4F15-89C1-3C8867D8188F}.Release|Any CPU.Build.0 = Release|Any CPU
		{C1C0E15D-843A-4443-9F07-AB36F6991544}.Debug|Any CPU.ActiveCfg = Debug|Any CPU
		{C1C0E15D-843A-4443-9F07-AB36F6991544}.Debug|Any CPU.Build.0 = Debug|Any CPU
		{C1C0E15D-843A-4443-9F07-AB36F6991544}.Release|Any CPU.ActiveCfg = Release|Any CPU
		{C1C0E15D-843A-4443-9F07-AB36F6991544}.Release|Any CPU.Build.0 = Release|Any CPU
	EndGlobalSection
	GlobalSection(SolutionProperties) = preSolution
		HideSolutionNode = FALSE
	EndGlobalSection
EndGlobal
